
Microsoft Visual Studio Solution File, Format Version 12.00
# Visual Studio Version 17
VisualStudioVersion = 17.1.32421.90
MinimumVisualStudioVersion = 10.0.40219.1
Project("{9A19103F-16F7-4668-BE54-9A1E7A4F7556}") = "Summator", "Summator\Summator.csproj", "{DB31D20A-B949-4748-808A-1D5A8D9553E2}"
EndProject
Project("{FAE04EC0-301F-11D3-BF4B-00C04F79EFBC}") = "Summator.Tests", "Summator.Tests\Summator.Tests.csproj", "{52295D07-24F7-436B-B292-1F5A7B075B2A}"
EndProject
Global
	GlobalSection(SolutionConfigurationPlatforms) = preSolution
		Debug|Any CPU = Debug|Any CPU
		Release|Any CPU = Release|Any CPU
	EndGlobalSection
	GlobalSection(ProjectConfigurationPlatforms) = postSolution
		{DB31D20A-B949-4748-808A-1D5A8D9553E2}.Debug|Any CPU.ActiveCfg = Debug|Any CPU
		{DB31D20A-B949-4748-808A-1D5A8D9553E2}.Debug|Any CPU.Build.0 = Debug|Any CPU
		{DB31D20A-B949-4748-808A-1D5A8D9553E2}.Release|Any CPU.ActiveCfg = Release|Any CPU
		{DB31D20A-B949-4748-808A-1D5A8D9553E2}.Release|Any CPU.Build.0 = Release|Any CPU
		{52295D07-24F7-436B-B292-1F5A7B075B2A}.Debug|Any CPU.ActiveCfg = Debug|Any CPU
		{52295D07-24F7-436B-B292-1F5A7B075B2A}.Debug|Any CPU.Build.0 = Debug|Any CPU
		{52295D07-24F7-436B-B292-1F5A7B075B2A}.Release|Any CPU.ActiveCfg = Release|Any CPU
		{52295D07-24F7-436B-B292-1F5A7B075B2A}.Release|Any CPU.Build.0 = Release|Any CPU
	EndGlobalSection
	GlobalSection(SolutionProperties) = preSolution
		HideSolutionNode = FALSE
	EndGlobalSection
	GlobalSection(ExtensibilityGlobals) = postSolution
		SolutionGuid = {0F17A1F9-6CAD-4287-8B9A-DDD3FAD0FF75}
	EndGlobalSection
EndGlobal
